
Microsoft Visual Studio Solution File, Format Version 12.00
# Visual Studio 15
VisualStudioVersion = 15.0.28307.136
MinimumVisualStudioVersion = 10.0.40219.1
Project("{2150E333-8FDC-42A3-9474-1A3956D46DE8}") = "src", "src", "{59666933-063A-4F61-AEC9-BB10596E397B}"
EndProject
Project("{FAE04EC0-301F-11D3-BF4B-00C04F79EFBC}") = "BackEnd", "src\BackEnd\BackEnd.csproj", "{B3065416-FCF0-4AF9-B3A5-10381E3DC77C}"
EndProject
Global
	GlobalSection(SolutionConfigurationPlatforms) = preSolution
		Debug|Any CPU = Debug|Any CPU
		Release|Any CPU = Release|Any CPU
	EndGlobalSection
	GlobalSection(ProjectConfigurationPlatforms) = postSolution
		{B3065416-FCF0-4AF9-B3A5-10381E3DC77C}.Debug|Any CPU.ActiveCfg = Debug|Any CPU
		{B3065416-FCF0-4AF9-B3A5-10381E3DC77C}.Debug|Any CPU.Build.0 = Debug|Any CPU
		{B3065416-FCF0-4AF9-B3A5-10381E3DC77C}.Release|Any CPU.ActiveCfg = Release|Any CPU
		{B3065416-FCF0-4AF9-B3A5-10381E3DC77C}.Release|Any CPU.Build.0 = Release|Any CPU
	EndGlobalSection
	GlobalSection(SolutionProperties) = preSolution
		HideSolutionNode = FALSE
	EndGlobalSection
	GlobalSection(NestedProjects) = preSolution
		{B3065416-FCF0-4AF9-B3A5-10381E3DC77C} = {59666933-063A-4F61-AEC9-BB10596E397B}
	EndGlobalSection
	GlobalSection(ExtensibilityGlobals) = postSolution
		SolutionGuid = {F489FD32-58DB-4654-8E4C-1CEB7C61A878}
	EndGlobalSection
EndGlobal
